PODS:
  - Flutter (1.0.0)
  - permission_handler_apple (9.3.0):
    - Flutter
  - RecaptchaEnterprise (18.9.0-beta01):
    - RecaptchaEnterpriseSDK (= 18.9.0-beta01)
    - RecaptchaInterop (~> 101.0.0)
  - RecaptchaEnterpriseSDK (18.9.0-beta01)
  - RecaptchaInterop (101.0.0)

DEPENDENCIES:
  - Flutter (from `Flutter`)
  - permission_handler_apple (from `.symlinks/plugins/permission_handler_apple/ios`)
  - RecaptchaEnterprise (= 18.9.0-beta01)

SPEC REPOS:
  trunk:
    - RecaptchaEnterprise
    - RecaptchaEnterpriseSDK
    - RecaptchaInterop

EXTERNAL SOURCES:
  Flutter:
    :path: Flutter
  permission_handler_apple:
    :path: ".symlinks/plugins/permission_handler_apple/ios"

SPEC CHECKSUMS:
  Flutter: cabc95a1d2626b1b06e7179b784ebcf0c0cde467
  permission_handler_apple: 4ed2196e43d0651e8ff7ca3483a069d469701f2d
  RecaptchaEnterprise: 75005b1cd09459e1661fdad5608558017f23c674
  RecaptchaEnterpriseSDK: c5c12f95e6b59a76ca48709fbbb14d277848d4a7
  RecaptchaInterop: 11e0b637842dfb48308d242afc3f448062325aba

PODFILE CHECKSUM: d580c87b24d0650f0049bd576095a3009a4ccfc5

COCOAPODS: 1.16.2
